
Microsoft Visual Studio Solution File, Format Version 12.00
# Visual Studio Version 16
VisualStudioVersion = 16.0.30011.22
MinimumVisualStudioVersion = 10.0.40219.1
Project("{9A19103F-16F7-4668-BE54-9A1E7A4F7556}") = "FoNBot", "FoN-Banker\FoNBot.csproj", "{D75F95C1-FDBA-49AD-96D4-184AA1284BBE}"
EndProject
Global
	GlobalSection(SolutionConfigurationPlatforms) = preSolution
		Debug|Any CPU = Debug|Any CPU
		Release|Any CPU = Release|Any CPU
	EndGlobalSection
	GlobalSection(ProjectConfigurationPlatforms) = postSolution
		{D75F95C1-FDBA-49AD-96D4-184AA1284BBE}.Debug|Any CPU.ActiveCfg = Debug|Any CPU
		{D75F95C1-FDBA-49AD-96D4-184AA1284BBE}.Debug|Any CPU.Build.0 = Debug|Any CPU
		{D75F95C1-FDBA-49AD-96D4-184AA1284BBE}.Release|Any CPU.ActiveCfg = Release|Any CPU
		{D75F95C1-FDBA-49AD-96D4-184AA1284BBE}.Release|Any CPU.Build.0 = Release|Any CPU
	EndGlobalSection
	GlobalSection(SolutionProperties) = preSolution
		HideSolutionNode = FALSE
	EndGlobalSection
	GlobalSection(ExtensibilityGlobals) = postSolution
		SolutionGuid = {090AFFB5-4C2C-4AAE-9AEF-6752F0ADB7F6}
	EndGlobalSection
EndGlobal
